# This file is automatically @generated by Cargo.
# It is not intended for manual editing.
version = 4

[[package]]
name = "auditor"
version = "0.1.0"

[[package]]
name = "graph"
version = "0.1.0"

[[package]]
name = "ingestion"
version = "0.1.0"

[[package]]
name = "server"
version = "0.1.0"

[[package]]
name = "storage"
version = "0.1.0"
